// !$*UTF8*$!
{
	archiveVersion = 1;
	classes = {
	};
	objectVersion = 46;
	objects = {

/* Begin PBXBuildFile section */
		4AACCC721BB44F6D0086C9A7 /* main.m in Sources */ = {isa = PBXBuildFile; fileRef = 4AACCC711BB44F6D0086C9A7 /* main.m */; };
		4AACCC751BB44F6D0086C9A7 /* AppDelegate.m in Sources */ = {isa = PBXBuildFile; fileRef = 4AACCC741BB44F6D0086C9A7 /* AppDelegate.m */; };
		4AACCC781BB44F6D0086C9A7 /* ViewController.m in Sources */ = {isa = PBXBuildFile; fileRef = 4AACCC771BB44F6D0086C9A7 /* ViewController.m */; };
		4AACCC7B1BB44F6D0086C9A7 /* Main.storyboard in Resources */ = {isa = PBXBuildFile; fileRef = 4AACCC791BB44F6D0086C9A7 /* Main.storyboard */; };
		4AACCC7D1BB44F6D0086C9A7 /* Images.xcassets in Resources */ = {isa = PBXBuildFile; fileRef = 4AACCC7C1BB44F6D0086C9A7 /* Images.xcassets */; };
		4AACCC801BB44F6D0086C9A7 /* LaunchScreen.xib in Resources */ = {isa = PBXBuildFile; fileRef = 4AACCC7E1BB44F6D0086C9A7 /* LaunchScreen.xib */; };
		4AACCC8C1BB44F6D0086C9A7 /* NYCustomizeDatePickerTests.m in Sources */ = {isa = PBXBuildFile; fileRef = 4AACCC8B1BB44F6D0086C9A7 /* NYCustomizeDatePickerTests.m */; };
		4AACCC991BB450180086C9A7 /* MainViewController.m in Sources */ = {isa = PBXBuildFile; fileRef = 4AACCC971BB450180086C9A7 /* MainViewController.m */; };
		4AACCC9A1BB450180086C9A7 /* MainViewController.xib in Resources */ = {isa = PBXBuildFile; fileRef = 4AACCC981BB450180086C9A7 /* MainViewController.xib */; };
		4AACCCAA1BB454640086C9A7 /* DayPickerView.m in Sources */ = {isa = PBXBuildFile; fileRef = 4AACCC9D1BB454640086C9A7 /* DayPickerView.m */; };
		4AACCCAB1BB454640086C9A7 /* DayPickerView.xib in Resources */ = {isa = PBXBuildFile; fileRef = 4AACCC9E1BB454640086C9A7 /* DayPickerView.xib */; };
		4AACCCAC1BB454640086C9A7 /* MonthPickerView.m in Sources */ = {isa = PBXBuildFile; fileRef = 4AACCCA01BB454640086C9A7 /* MonthPickerView.m */; };
		4AACCCAD1BB454640086C9A7 /* MonthPickerView.xib in Resources */ = {isa = PBXBuildFile; fileRef = 4AACCCA11BB454640086C9A7 /* MonthPickerView.xib */; };
		4AACCCAE1BB454640086C9A7 /* PickerSubView.m in Sources */ = {isa = PBXBuildFile; fileRef = 4AACCCA31BB454640086C9A7 /* PickerSubView.m */; };
		4AACCCAF1BB454640086C9A7 /* SelectDateView.m in Sources */ = {isa = PBXBuildFile; fileRef = 4AACCCA51BB454640086C9A7 /* SelectDateView.m */; };
		4AACCCB01BB454640086C9A7 /* SelectDateView.xib in Resources */ = {isa = PBXBuildFile; fileRef = 4AACCCA61BB454640086C9A7 /* SelectDateView.xib */; };
		4AACCCB11BB454640086C9A7 /* YearPickerView.m in Sources */ = {isa = PBXBuildFile; fileRef = 4AACCCA81BB454640086C9A7 /* YearPickerView.m */; };
		4AACCCB21BB454640086C9A7 /* YearPickerView.xib in Resources */ = {isa = PBXBuildFile; fileRef = 4AACCCA91BB454640086C9A7 /* YearPickerView.xib */; };
/* End PBXBuildFile section */

/* Begin PBXContainerItemProxy section */
		4AACCC861BB44F6D0086C9A7 /* PBXContainerItemProxy */ = {
			isa = PBXContainerItemProxy;
			containerPortal = 4AACCC641BB44F6D0086C9A7 /* Project object */;
			proxyType = 1;
			remoteGlobalIDString = 4AACCC6B1BB44F6D0086C9A7;
			remoteInfo = NYCustomizeDatePicker;
		};
/* End PBXContainerItemProxy section */

/* Begin PBXFileReference section */
		4AACCC6C1BB44F6D0086C9A7 /* NYCustomizeDatePicker.app */ = {isa = PBXFileReference; explicitFileType = wrapper.application; includeInIndex = 0; path = NYCustomizeDatePicker.app; sourceTree = BUILT_PRODUCTS_DIR; };
		4AACCC701BB44F6D0086C9A7 /* Info.plist */ = {isa = PBXFileReference; lastKnownFileType = text.plist.xml; path = Info.plist; sourceTree = "<group>"; };
		4AACCC711BB44F6D0086C9A7 /* main.m */ = {isa = PBXFileReference; lastKnownFileType = sourcecode.c.objc; path = main.m; sourceTree = "<group>"; };
		4AACCC731BB44F6D0086C9A7 /* AppDelegate.h */ = {isa = PBXFileReference; lastKnownFileType = sourcecode.c.h; path = AppDelegate.h; sourceTree = "<group>"; };
		4AACCC741BB44F6D0086C9A7 /* AppDelegate.m */ = {isa = PBXFileReference; lastKnownFileType = sourcecode.c.objc; path = AppDelegate.m; sourceTree = "<group>"; };
		4AACCC761BB44F6D0086C9A7 /* ViewController.h */ = {isa = PBXFileReference; lastKnownFileType = sourcecode.c.h; path = ViewController.h; sourceTree = "<group>"; };
		4AACCC771BB44F6D0086C9A7 /* ViewController.m */ = {isa = PBXFileReference; lastKnownFileType = sourcecode.c.objc; path = ViewController.m; sourceTree = "<group>"; };
		4AACCC7A1BB44F6D0086C9A7 /* Base */ = {isa = PBXFileReference; lastKnownFileType = file.storyboard; name = Base; path = Base.lproj/Main.storyboard; sourceTree = "<group>"; };
		4AACCC7C1BB44F6D0086C9A7 /* Images.xcassets */ = {isa = PBXFileReference; lastKnownFileType = folder.assetcatalog; path = Images.xcassets; sourceTree = "<group>"; };
		4AACCC7F1BB44F6D0086C9A7 /* Base */ = {isa = PBXFileReference; lastKnownFileType = file.xib; name = Base; path = Base.lproj/LaunchScreen.xib; sourceTree = "<group>"; };
		4AACCC851BB44F6D0086C9A7 /* NYCustomizeDatePickerTests.xctest */ = {isa = PBXFileReference; explicitFileType = wrapper.cfbundle; includeInIndex = 0; path = NYCustomizeDatePickerTests.xctest; sourceTree = BUILT_PRODUCTS_DIR; };
		4AACCC8A1BB44F6D0086C9A7 /* Info.plist */ = {isa = PBXFileReference; lastKnownFileType = text.plist.xml; path = Info.plist; sourceTree = "<group>"; };
		4AACCC8B1BB44F6D0086C9A7 /* NYCustomizeDatePickerTests.m */ = {isa = PBXFileReference; lastKnownFileType = sourcecode.c.objc; path = NYCustomizeDatePickerTests.m; sourceTree = "<group>"; };
		4AACCC961BB450180086C9A7 /* MainViewController.h */ = {isa = PBXFileReference; fileEncoding = 4; lastKnownFileType = sourcecode.c.h; path = MainViewController.h; sourceTree = "<group>"; };
		4AACCC971BB450180086C9A7 /* MainViewController.m */ = {isa = PBXFileReference; fileEncoding = 4; lastKnownFileType = sourcecode.c.objc; path = MainViewController.m; sourceTree = "<group>"; };
		4AACCC981BB450180086C9A7 /* MainViewController.xib */ = {isa = PBXFileReference; fileEncoding = 4; lastKnownFileType = file.xib; path = MainViewController.xib; sourceTree = "<group>"; };
		4AACCC9C1BB454640086C9A7 /* DayPickerView.h */ = {isa = PBXFileReference; fileEncoding = 4; lastKnownFileType = sourcecode.c.h; path = DayPickerView.h; sourceTree = "<group>"; };
		4AACCC9D1BB454640086C9A7 /* DayPickerView.m */ = {isa = PBXFileReference; fileEncoding = 4; lastKnownFileType = sourcecode.c.objc; path = DayPickerView.m; sourceTree = "<group>"; };
		4AACCC9E1BB454640086C9A7 /* DayPickerView.xib */ = {isa = PBXFileReference; fileEncoding = 4; lastKnownFileType = file.xib; path = DayPickerView.xib; sourceTree = "<group>"; };
		4AACCC9F1BB454640086C9A7 /* MonthPickerView.h */ = {isa = PBXFileReference; fileEncoding = 4; lastKnownFileType = sourcecode.c.h; path = MonthPickerView.h; sourceTree = "<group>"; };
		4AACCCA01BB454640086C9A7 /* MonthPickerView.m */ = {isa = PBXFileReference; fileEncoding = 4; lastKnownFileType = sourcecode.c.objc; path = MonthPickerView.m; sourceTree = "<group>"; };
		4AACCCA11BB454640086C9A7 /* MonthPickerView.xib */ = {isa = PBXFileReference; fileEncoding = 4; lastKnownFileType = file.xib; path = MonthPickerView.xib; sourceTree = "<group>"; };
		4AACCCA21BB454640086C9A7 /* PickerSubView.h */ = {isa = PBXFileReference; fileEncoding = 4; lastKnownFileType = sourcecode.c.h; path = PickerSubView.h; sourceTree = "<group>"; };
		4AACCCA31BB454640086C9A7 /* PickerSubView.m */ = {isa = PBXFileReference; fileEncoding = 4; lastKnownFileType = sourcecode.c.objc; path = PickerSubView.m; sourceTree = "<group>"; };
		4AACCCA41BB454640086C9A7 /* SelectDateView.h */ = {isa = PBXFileReference; fileEncoding = 4; lastKnownFileType = sourcecode.c.h; path = SelectDateView.h; sourceTree = "<group>"; };
		4AACCCA51BB454640086C9A7 /* SelectDateView.m */ = {isa = PBXFileReference; fileEncoding = 4; lastKnownFileType = sourcecode.c.objc; path = SelectDateView.m; sourceTree = "<group>"; };
		4AACCCA61BB454640086C9A7 /* SelectDateView.xib */ = {isa = PBXFileReference; fileEncoding = 4; lastKnownFileType = file.xib; path = SelectDateView.xib; sourceTree = "<group>"; };
		4AACCCA71BB454640086C9A7 /* YearPickerView.h */ = {isa = PBXFileReference; fileEncoding = 4; lastKnownFileType = sourcecode.c.h; path = YearPickerView.h; sourceTree = "<group>"; };
		4AACCCA81BB454640086C9A7 /* YearPickerView.m */ = {isa = PBXFileReference; fileEncoding = 4; lastKnownFileType = sourcecode.c.objc; path = YearPickerView.m; sourceTree = "<group>"; };
		4AACCCA91BB454640086C9A7 /* YearPickerView.xib */ = {isa = PBXFileReference; fileEncoding = 4; lastKnownFileType = file.xib; path = YearPickerView.xib; sourceTree = "<group>"; };
/* End PBXFileReference section */

/* Begin PBXFrameworksBuildPhase section */
		4AACCC691BB44F6D0086C9A7 /* Frameworks */ = {
			isa = PBXFrameworksBuildPhase;
			buildActionMask = 2147483647;
			files = (
			);
			runOnlyForDeploymentPostprocessing = 0;
		};
		4AACCC821BB44F6D0086C9A7 /* Frameworks */ = {
			isa = PBXFrameworksBuildPhase;
			buildActionMask = 2147483647;
			files = (
			);
			runOnlyForDeploymentPostprocessing = 0;
		};
/* End PBXFrameworksBuildPhase section */

/* Begin PBXGroup section */
		4AACCC631BB44F6D0086C9A7 = {
			isa = PBXGroup;
			children = (
				4AACCC6E1BB44F6D0086C9A7 /* NYCustomizeDatePicker */,
				4AACCC881BB44F6D0086C9A7 /* NYCustomizeDatePickerTests */,
				4AACCC6D1BB44F6D0086C9A7 /* Products */,
			);
			sourceTree = "<group>";
		};
		4AACCC6D1BB44F6D0086C9A7 /* Products */ = {
			isa = PBXGroup;
			children = (
				4AACCC6C1BB44F6D0086C9A7 /* NYCustomizeDatePicker.app */,
				4AACCC851BB44F6D0086C9A7 /* NYCustomizeDatePickerTests.xctest */,
			);
			name = Products;
			sourceTree = "<group>";
		};
		4AACCC6E1BB44F6D0086C9A7 /* NYCustomizeDatePicker */ = {
			isa = PBXGroup;
			children = (
				4AACCC761BB44F6D0086C9A7 /* ViewController.h */,
				4AACCC771BB44F6D0086C9A7 /* ViewController.m */,
				4AACCC791BB44F6D0086C9A7 /* Main.storyboard */,
				4AACCC951BB44FFB0086C9A7 /* MainContainer */,
				4AACCC6F1BB44F6D0086C9A7 /* Supporting Files */,
			);
			path = NYCustomizeDatePicker;
			sourceTree = "<group>";
		};
		4AACCC6F1BB44F6D0086C9A7 /* Supporting Files */ = {
			isa = PBXGroup;
			children = (
				4AACCC731BB44F6D0086C9A7 /* AppDelegate.h */,
				4AACCC741BB44F6D0086C9A7 /* AppDelegate.m */,
				4AACCC7C1BB44F6D0086C9A7 /* Images.xcassets */,
				4AACCC7E1BB44F6D0086C9A7 /* LaunchScreen.xib */,
				4AACCC701BB44F6D0086C9A7 /* Info.plist */,
				4AACCC711BB44F6D0086C9A7 /* main.m */,
			);
			name = "Supporting Files";
			sourceTree = "<group>";
		};
		4AACCC881BB44F6D0086C9A7 /* NYCustomizeDatePickerTests */ = {
			isa = PBXGroup;
			children = (
				4AACCC8B1BB44F6D0086C9A7 /* NYCustomizeDatePickerTests.m */,
				4AACCC891BB44F6D0086C9A7 /* Supporting Files */,
			);
			path = NYCustomizeDatePickerTests;
			sourceTree = "<group>";
		};
		4AACCC891BB44F6D0086C9A7 /* Supporting Files */ = {
			isa = PBXGroup;
			children = (
				4AACCC8A1BB44F6D0086C9A7 /* Info.plist */,
			);
			name = "Supporting Files";
			sourceTree = "<group>";
		};
		4AACCC951BB44FFB0086C9A7 /* MainContainer */ = {
			isa = PBXGroup;
			children = (
				4AACCC961BB450180086C9A7 /* MainViewController.h */,
				4AACCC971BB450180086C9A7 /* MainViewController.m */,
				4AACCC981BB450180086C9A7 /* MainViewController.xib */,
				4AACCC9B1BB454640086C9A7 /* DatePicker */,
			);
			path = MainContainer;
			sourceTree = "<group>";
		};
		4AACCC9B1BB454640086C9A7 /* DatePicker */ = {
			isa = PBXGroup;
			children = (
				4AACCCA41BB454640086C9A7 /* SelectDateView.h */,
				4AACCCA51BB454640086C9A7 /* SelectDateView.m */,
				4AACCCA61BB454640086C9A7 /* SelectDateView.xib */,
				4AACCCA21BB454640086C9A7 /* PickerSubView.h */,
				4AACCCA31BB454640086C9A7 /* PickerSubView.m */,
				4AACCC9C1BB454640086C9A7 /* DayPickerView.h */,
				4AACCC9D1BB454640086C9A7 /* DayPickerView.m */,
				4AACCC9E1BB454640086C9A7 /* DayPickerView.xib */,
				4AACCC9F1BB454640086C9A7 /* MonthPickerView.h */,
				4AACCCA01BB454640086C9A7 /* MonthPickerView.m */,
				4AACCCA11BB454640086C9A7 /* MonthPickerView.xib */,
				4AACCCA71BB454640086C9A7 /* YearPickerView.h */,
				4AACCCA81BB454640086C9A7 /* YearPickerView.m */,
				4AACCCA91BB454640086C9A7 /* YearPickerView.xib */,
			);
			path = DatePicker;
			sourceTree = "<group>";
		};
/* End PBXGroup section */

/* Begin PBXNativeTarget section */
		4AACCC6B1BB44F6D0086C9A7 /* NYCustomizeDatePicker */ = {
			isa = PBXNativeTarget;
			buildConfigurationList = 4AACCC8F1BB44F6D0086C9A7 /* Build configuration list for PBXNativeTarget "NYCustomizeDatePicker" */;
			buildPhases = (
				4AACCC681BB44F6D0086C9A7 /* Sources */,
				4AACCC691BB44F6D0086C9A7 /* Frameworks */,
				4AACCC6A1BB44F6D0086C9A7 /* Resources */,
			);
			buildRules = (
			);
			dependencies = (
			);
			name = NYCustomizeDatePicker;
			productName = NYCustomizeDatePicker;
			productReference = 4AACCC6C1BB44F6D0086C9A7 /* NYCustomizeDatePicker.app */;
			productType = "com.apple.product-type.application";
		};
		4AACCC841BB44F6D0086C9A7 /* NYCustomizeDatePickerTests */ = {
			isa = PBXNativeTarget;
			buildConfigurationList = 4AACCC921BB44F6D0086C9A7 /* Build configuration list for PBXNativeTarget "NYCustomizeDatePickerTests" */;
			buildPhases = (
				4AACCC811BB44F6D0086C9A7 /* Sources */,
				4AACCC821BB44F6D0086C9A7 /* Frameworks */,
				4AACCC831BB44F6D0086C9A7 /* Resources */,
			);
			buildRules = (
			);
			dependencies = (
				4AACCC871BB44F6D0086C9A7 /* PBXTargetDependency */,
			);
			name = NYCustomizeDatePickerTests;
			productName = NYCustomizeDatePickerTests;
			productReference = 4AACCC851BB44F6D0086C9A7 /* NYCustomizeDatePickerTests.xctest */;
			productType = "com.apple.product-type.bundle.unit-test";
		};
/* End PBXNativeTarget section */

/* Begin PBXProject section */
		4AACCC641BB44F6D0086C9A7 /* Project object */ = {
			isa = PBXProject;
			attributes = {
				LastUpgradeCheck = 0640;
				ORGANIZATIONNAME = "牛严";
				TargetAttributes = {
					4AACCC6B1BB44F6D0086C9A7 = {
						CreatedOnToolsVersion = 6.4;
					};
					4AACCC841BB44F6D0086C9A7 = {
						CreatedOnToolsVersion = 6.4;
						TestTargetID = 4AACCC6B1BB44F6D0086C9A7;
					};
				};
			};
			buildConfigurationList = 4AACCC671BB44F6D0086C9A7 /* Build configuration list for PBXProject "NYCustomizeDatePicker" */;
			compatibilityVersion = "Xcode 3.2";
			developmentRegion = English;
			hasScannedForEncodings = 0;
			knownRegions = (
				en,
				Base,
			);
			mainGroup = 4AACCC631BB44F6D0086C9A7;
			productRefGroup = 4AACCC6D1BB44F6D0086C9A7 /* Products */;
			projectDirPath = "";
			projectRoot = "";
			targets = (
				4AACCC6B1BB44F6D0086C9A7 /* NYCustomizeDatePicker */,
				4AACCC841BB44F6D0086C9A7 /* NYCustomizeDatePickerTests */,
			);
		};
/* End PBXProject section */

/* Begin PBXResourcesBuildPhase section */
		4AACCC6A1BB44F6D0086C9A7 /* Resources */ = {
			isa = PBXResourcesBuildPhase;
			buildActionMask = 2147483647;
			files = (
				4AACCCB01BB454640086C9A7 /* SelectDateView.xib in Resources */,
				4AACCC7B1BB44F6D0086C9A7 /* Main.storyboard in Resources */,
				4AACCCAD1BB454640086C9A7 /* MonthPickerView.xib in Resources */,
				4AACCCAB1BB454640086C9A7 /* DayPickerView.xib in Resources */,
				4AACCC801BB44F6D0086C9A7 /* LaunchScreen.xib in Resources */,
				4AACCCB21BB454640086C9A7 /* YearPickerView.xib in Resources */,
				4AACCC7D1BB44F6D0086C9A7 /* Images.xcassets in Resources */,
				4AACCC9A1BB450180086C9A7 /* MainViewController.xib in Resources */,
			);
			runOnlyForDeploymentPostprocessing = 0;
		};
		4AACCC831BB44F6D0086C9A7 /* Resources */ = {
			isa = PBXResourcesBuildPhase;
			buildActionMask = 2147483647;
			files = (
			);
			runOnlyForDeploymentPostprocessing = 0;
		};
/* End PBXResourcesBuildPhase section */

/* Begin PBXSourcesBuildPhase section */
		4AACCC681BB44F6D0086C9A7 /* Sources */ = {
			isa = PBXSourcesBuildPhase;
			buildActionMask = 2147483647;
			files = (
				4AACCCB11BB454640086C9A7 /* YearPickerView.m in Sources */,
				4AACCC781BB44F6D0086C9A7 /* ViewController.m in Sources */,
				4AACCCAC1BB454640086C9A7 /* MonthPickerView.m in Sources */,
				4AACCCAE1BB454640086C9A7 /* PickerSubView.m in Sources */,
				4AACCC751BB44F6D0086C9A7 /* AppDelegate.m in Sources */,
				4AACCCAF1BB454640086C9A7 /* SelectDateView.m in Sources */,
				4AACCC721BB44F6D0086C9A7 /* main.m in Sources */,
				4AACCC991BB450180086C9A7 /* MainViewController.m in Sources */,
				4AACCCAA1BB454640086C9A7 /* DayPickerView.m in Sources */,
			);
			runOnlyForDeploymentPostprocessing = 0;
		};
		4AACCC811BB44F6D0086C9A7 /* Sources */ = {
			isa = PBXSourcesBuildPhase;
			buildActionMask = 2147483647;
			files = (
				4AACCC8C1BB44F6D0086C9A7 /* NYCustomizeDatePickerTests.m in Sources */,
			);
			runOnlyForDeploymentPostprocessing = 0;
		};
/* End PBXSourcesBuildPhase section */

/* Begin PBXTargetDependency section */
		4AACCC871BB44F6D0086C9A7 /* PBXTargetDependency */ = {
			isa = PBXTargetDependency;
			target = 4AACCC6B1BB44F6D0086C9A7 /* NYCustomizeDatePicker */;
			targetProxy = 4AACCC861BB44F6D0086C9A7 /* PBXContainerItemProxy */;
		};
/* End PBXTargetDependency section */

/* Begin PBXVariantGroup section */
		4AACCC791BB44F6D0086C9A7 /* Main.storyboard */ = {
			isa = PBXVariantGroup;
			children = (
				4AACCC7A1BB44F6D0086C9A7 /* Base */,
			);
			name = Main.storyboard;
			sourceTree = "<group>";
		};
		4AACCC7E1BB44F6D0086C9A7 /* LaunchScreen.xib */ = {
			isa = PBXVariantGroup;
			children = (
				4AACCC7F1BB44F6D0086C9A7 /* Base */,
			);
			name = LaunchScreen.xib;
			sourceTree = "<group>";
		};
/* End PBXVariantGroup section */

/* Begin XCBuildConfiguration section */
		4AACCC8D1BB44F6D0086C9A7 /* Debug */ = {
			isa = XCBuildConfiguration;
			buildSettings = {
				ALWAYS_SEARCH_USER_PATHS = NO;
				CLANG_CXX_LANGUAGE_STANDARD = "gnu++0x";
				CLANG_CXX_LIBRARY = "libc++";
				CLANG_ENABLE_MODULES = YES;
				CLANG_ENABLE_OBJC_ARC = YES;
				CLANG_WARN_BOOL_CONVERSION = YES;
				CLANG_WARN_CONSTANT_CONVERSION = YES;
				CLANG_WARN_DIRECT_OBJC_ISA_USAGE = YES_ERROR;
				CLANG_WARN_EMPTY_BODY = YES;
				CLANG_WARN_ENUM_CONVERSION = YES;
				CLANG_WARN_INT_CONVERSION = YES;
				CLANG_WARN_OBJC_ROOT_CLASS = YES_ERROR;
				CLANG_WARN_UNREACHABLE_CODE = YES;
				CLANG_WARN__DUPLICATE_METHOD_MATCH = YES;
				"CODE_SIGN_IDENTITY[sdk=iphoneos*]" = "iPhone Developer";
				COPY_PHASE_STRIP = NO;
				DEBUG_INFORMATION_FORMAT = "dwarf-with-dsym";
				ENABLE_STRICT_OBJC_MSGSEND = YES;
				GCC_C_LANGUAGE_STANDARD = gnu99;
				GCC_DYNAMIC_NO_PIC = NO;
				GCC_NO_COMMON_BLOCKS = YES;
				GCC_OPTIMIZATION_LEVEL = 0;
				GCC_PREPROCESSOR_DEFINITIONS = (
					"DEBUG=1",
					"$(inherited)",
				);
				GCC_SYMBOLS_PRIVATE_EXTERN = NO;
				GCC_WARN_64_TO_32_BIT_CONVERSION = YES;
				GCC_WARN_ABOUT_RETURN_TYPE = YES_ERROR;
				GCC_WARN_UNDECLARED_SELECTOR = YES;
				GCC_WARN_UNINITIALIZED_AUTOS = YES_AGGRESSIVE;
				GCC_WARN_UNUSED_FUNCTION = YES;
				GCC_WARN_UNUSED_VARIABLE = YES;
				IPHONEOS_DEPLOYMENT_TARGET = 8.4;
				MTL_ENABLE_DEBUG_INFO = YES;
				ONLY_ACTIVE_ARCH = YES;
				SDKROOT = iphoneos;
			};
			name = Debug;
		};
		4AACCC8E1BB44F6D0086C9A7 /* Release */ = {
			isa = XCBuildConfiguration;
			buildSettings = {
				ALWAYS_SEARCH_USER_PATHS = NO;
				CLANG_CXX_LANGUAGE_STANDARD = "gnu++0x";
				CLANG_CXX_LIBRARY = "libc++";
				CLANG_ENABLE_MODULES = YES;
				CLANG_ENABLE_OBJC_ARC = YES;
				CLANG_WARN_BOOL_CONVERSION = YES;
				CLANG_WARN_CONSTANT_CONVERSION = YES;
				CLANG_WARN_DIRECT_OBJC_ISA_USAGE = YES_ERROR;
				CLANG_WARN_EMPTY_BODY = YES;
				CLANG_WARN_ENUM_CONVERSION = YES;
				CLANG_WARN_INT_CONVERSION = YES;
				CLANG_WARN_OBJC_ROOT_CLASS = YES_ERROR;
				CLANG_WARN_UNREACHABLE_CODE = YES;
				CLANG_WARN__DUPLICATE_METHOD_MATCH = YES;
				"CODE_SIGN_IDENTITY[sdk=iphoneos*]" = "iPhone Developer";
				COPY_PHASE_STRIP = NO;
				DEBUG_INFORMATION_FORMAT = "dwarf-with-dsym";
				ENABLE_NS_ASSERTIONS = NO;
				ENABLE_STRICT_OBJC_MSGSEND = YES;
				GCC_C_LANGUAGE_STANDARD = gnu99;
				GCC_NO_COMMON_BLOCKS = YES;
				GCC_WARN_64_TO_32_BIT_CONVERSION = YES;
				GCC_WARN_ABOUT_RETURN_TYPE = YES_ERROR;
				GCC_WARN_UNDECLARED_SELECTOR = YES;
				GCC_WARN_UNINITIALIZED_AUTOS = YES_AGGRESSIVE;
				GCC_WARN_UNUSED_FUNCTION = YES;
				GCC_WARN_UNUSED_VARIABLE = YES;
				IPHONEOS_DEPLOYMENT_TARGET = 8.4;
				MTL_ENABLE_DEBUG_INFO = NO;
				SDKROOT = iphoneos;
				VALIDATE_PRODUCT = YES;
			};
			name = Release;
		};
		4AACCC901BB44F6D0086C9A7 /* Debug */ = {
			isa = XCBuildConfiguration;
			buildSettings = {
				ASSETCATALOG_COMPILER_APPICON_NAME = AppIcon;
				INFOPLIST_FILE = NYCustomizeDatePicker/Info.plist;
				LD_RUNPATH_SEARCH_PATHS = "$(inherited) @executable_path/Frameworks";
				PRODUCT_NAME = "$(TARGET_NAME)";
			};
			name = Debug;
		};
		4AACCC911BB44F6D0086C9A7 /* Release */ = {
			isa = XCBuildConfiguration;
			buildSettings = {
				ASSETCATALOG_COMPILER_APPICON_NAME = AppIcon;
				INFOPLIST_FILE = NYCustomizeDatePicker/Info.plist;
				LD_RUNPATH_SEARCH_PATHS = "$(inherited) @executable_path/Frameworks";
				PRODUCT_NAME = "$(TARGET_NAME)";
			};
			name = Release;
		};
		4AACCC931BB44F6D0086C9A7 /* Debug */ = {
			isa = XCBuildConfiguration;
			buildSettings = {
				BUNDLE_LOADER = "$(TEST_HOST)";
				FRAMEWORK_SEARCH_PATHS = (
					"$(SDKROOT)/Developer/Library/Frameworks",
					"$(inherited)",
				);
				GCC_PREPROCESSOR_DEFINITIONS = (
					"DEBUG=1",
					"$(inherited)",
				);
				INFOPLIST_FILE = NYCustomizeDatePickerTests/Info.plist;
				LD_RUNPATH_SEARCH_PATHS = "$(inherited) @executable_path/Frameworks @loader_path/Frameworks";
				PRODUCT_NAME = "$(TARGET_NAME)";
				TEST_HOST = "$(BUILT_PRODUCTS_DIR)/NYCustomizeDatePicker.app/NYCustomizeDatePicker";
			};
			name = Debug;
		};
		4AACCC941BB44F6D0086C9A7 /* Release */ = {
			isa = XCBuildConfiguration;
			buildSettings = {
				BUNDLE_LOADER = "$(TEST_HOST)";
				FRAMEWORK_SEARCH_PATHS = (
					"$(SDKROOT)/Developer/Library/Frameworks",
					"$(inherited)",
				);
				INFOPLIST_FILE = NYCustomizeDatePickerTests/Info.plist;
				LD_RUNPATH_SEARCH_PATHS = "$(inherited) @executable_path/Frameworks @loader_path/Frameworks";
				PRODUCT_NAME = "$(TARGET_NAME)";
				TEST_HOST = "$(BUILT_PRODUCTS_DIR)/NYCustomizeDatePicker.app/NYCustomizeDatePicker";
			};
			name = Release;
		};
/* End XCBuildConfiguration section */

/* Begin XCConfigurationList section */
		4AACCC671BB44F6D0086C9A7 /* Build configuration list for PBXProject "NYCustomizeDatePicker" */ = {
			isa = XCConfigurationList;
			buildConfigurations = (
				4AACCC8D1BB44F6D0086C9A7 /* Debug */,
				4AACCC8E1BB44F6D0086C9A7 /* Release */,
			);
			defaultConfigurationIsVisible = 0;
			defaultConfigurationName = Release;
		};
		4AACCC8F1BB44F6D0086C9A7 /* Build configuration list for PBXNativeTarget "NYCustomizeDatePicker" */ = {
			isa = XCConfigurationList;
			buildConfigurations = (
				4AACCC901BB44F6D0086C9A7 /* Debug */,
				4AACCC911BB44F6D0086C9A7 /* Release */,
			);
			defaultConfigurationIsVisible = 0;
		};
		4AACCC921BB44F6D0086C9A7 /* Build configuration list for PBXNativeTarget "NYCustomizeDatePickerTests" */ = {
			isa = XCConfigurationList;
			buildConfigurations = (
				4AACCC931BB44F6D0086C9A7 /* Debug */,
				4AACCC941BB44F6D0086C9A7 /* Release */,
			);
			defaultConfigurationIsVisible = 0;
		};
/* End XCConfigurationList section */
	};
	rootObject = 4AACCC641BB44F6D0086C9A7 /* Project object */;
}
